
Microsoft Visual Studio Solution File, Format Version 12.00
# Visual Studio Version 17
VisualStudioVersion = 17.4.33213.308
MinimumVisualStudioVersion = 10.0.40219.1
Project("{FAE04EC0-301F-11D3-BF4B-00C04F79EFBC}") = "MvcyeBootstrap314EklemeDenemesi", "MvcyeBootstrap314EklemeDenemesi\MvcyeBootstrap314EklemeDenemesi.csproj", "{9B724E48-755A-467C-BC2D-D0CDFD38F1CF}"
EndProject
Global
	GlobalSection(SolutionConfigurationPlatforms) = preSolution
		Debug|Any CPU = Debug|Any CPU
		Release|Any CPU = Release|Any CPU
	EndGlobalSection
	GlobalSection(ProjectConfigurationPlatforms) = postSolution
		{9B724E48-755A-467C-BC2D-D0CDFD38F1CF}.Debug|Any CPU.ActiveCfg = Debug|Any CPU
		{9B724E48-755A-467C-BC2D-D0CDFD38F1CF}.Debug|Any CPU.Build.0 = Debug|Any CPU
		{9B724E48-755A-467C-BC2D-D0CDFD38F1CF}.Release|Any CPU.ActiveCfg = Release|Any CPU
		{9B724E48-755A-467C-BC2D-D0CDFD38F1CF}.Release|Any CPU.Build.0 = Release|Any CPU
	EndGlobalSection
	GlobalSection(SolutionProperties) = preSolution
		HideSolutionNode = FALSE
	EndGlobalSection
	GlobalSection(ExtensibilityGlobals) = postSolution
		SolutionGuid = {354FFBB6-4E71-4433-B2F2-8F33571F4423}
	EndGlobalSection
EndGlobal
